
Microsoft Visual Studio Solution File, Format Version 12.00
# Visual Studio 15
VisualStudioVersion = 15.0.27703.2026
MinimumVisualStudioVersion = 10.0.40219.1
Project("{FAE04EC0-301F-11D3-BF4B-00C04F79EFBC}") = "CarsApp.Android", "CarsApp\CarsApp.Android\CarsApp.Android.csproj", "{F3EBCDAF-3C65-486F-8E75-7870B52072B0}"
EndProject
Project("{FAE04EC0-301F-11D3-BF4B-00C04F79EFBC}") = "CarsApp.iOS", "CarsApp\CarsApp.iOS\CarsApp.iOS.csproj", "{A5137EAE-AE73-45C9-AEC0-AAC453E31F04}"
EndProject
Project("{FAE04EC0-301F-11D3-BF4B-00C04F79EFBC}") = "CarsApp.UWP", "CarsApp\CarsApp.UWP\CarsApp.UWP.csproj", "{4E3BA86E-F1DC-418B-BBF8-CA048E533CFD}"
EndProject
Project("{FAE04EC0-301F-11D3-BF4B-00C04F79EFBC}") = "CarsApp", "CarsApp\CarsApp\CarsApp.csproj", "{DD7F4F5E-8FF5-4B12-B47C-D44262A66C3B}"
EndProject
Global
	GlobalSection(SolutionConfigurationPlatforms) = preSolution
		Ad-Hoc|Any CPU = Ad-Hoc|Any CPU
		Ad-Hoc|ARM = Ad-Hoc|ARM
		Ad-Hoc|iPhone = Ad-Hoc|iPhone
		Ad-Hoc|iPhoneSimulator = Ad-Hoc|iPhoneSimulator
		Ad-Hoc|x64 = Ad-Hoc|x64
		Ad-Hoc|x86 = Ad-Hoc|x86
		AppStore|Any CPU = AppStore|Any CPU
		AppStore|ARM = AppStore|ARM
		AppStore|iPhone = AppStore|iPhone
		AppStore|iPhoneSimulator = AppStore|iPhoneSimulator
		AppStore|x64 = AppStore|x64
		AppStore|x86 = AppStore|x86
		Debug|Any CPU = Debug|Any CPU
		Debug|ARM = Debug|ARM
		Debug|iPhone = Debug|iPhone
		Debug|iPhoneSimulator = Debug|iPhoneSimulator
		Debug|x64 = Debug|x64
		Debug|x86 = Debug|x86
		Release|Any CPU = Release|Any CPU
		Release|ARM = Release|ARM
		Release|iPhone = Release|iPhone
		Release|iPhoneSimulator = Release|iPhoneSimulator
		Release|x64 = Release|x64
		Release|x86 = Release|x86
	EndGlobalSection
	GlobalSection(ProjectConfigurationPlatforms) = postSolution
		{F3EBCDAF-3C65-486F-8E75-7870B52072B0}.Ad-Hoc|Any CPU.ActiveCfg = Release|Any CPU
		{F3EBCDAF-3C65-486F-8E75-7870B52072B0}.Ad-Hoc|Any CPU.Build.0 = Release|Any CPU
		{F3EBCDAF-3C65-486F-8E75-7870B52072B0}.Ad-Hoc|Any CPU.Deploy.0 = Release|Any CPU
		{F3EBCDAF-3C65-486F-8E75-7870B52072B0}.Ad-Hoc|ARM.ActiveCfg = Release|Any CPU
		{F3EBCDAF-3C65-486F-8E75-7870B52072B0}.Ad-Hoc|ARM.Build.0 = Release|Any CPU
		{F3EBCDAF-3C65-486F-8E75-7870B52072B0}.Ad-Hoc|ARM.Deploy.0 = Release|Any CPU
		{F3EBCDAF-3C65-486F-8E75-7870B52072B0}.Ad-Hoc|iPhone.ActiveCfg = Release|Any CPU
		{F3EBCDAF-3C65-486F-8E75-7870B52072B0}.Ad-Hoc|iPhone.Build.0 = Release|Any CPU
		{F3EBCDAF-3C65-486F-8E75-7870B52072B0}.Ad-Hoc|iPhone.Deploy.0 = Release|Any CPU
		{F3EBCDAF-3C65-486F-8E75-7870B52072B0}.Ad-Hoc|iPhoneSimulator.ActiveCfg = Release|Any CPU
		{F3EBCDAF-3C65-486F-8E75-7870B52072B0}.Ad-Hoc|iPhoneSimulator.Build.0 = Release|Any CPU
		{F3EBCDAF-3C65-486F-8E75-7870B52072B0}.Ad-Hoc|iPhoneSimulator.Deploy.0 = Release|Any CPU
		{F3EBCDAF-3C65-486F-8E75-7870B52072B0}.Ad-Hoc|x64.ActiveCfg = Release|Any CPU
		{F3EBCDAF-3C65-486F-8E75-7870B52072B0}.Ad-Hoc|x64.Build.0 = Release|Any CPU
		{F3EBCDAF-3C65-486F-8E75-7870B52072B0}.Ad-Hoc|x64.Deploy.0 = Release|Any CPU
		{F3EBCDAF-3C65-486F-8E75-7870B52072B0}.Ad-Hoc|x86.ActiveCfg = Release|Any CPU
		{F3EBCDAF-3C65-486F-8E75-7870B52072B0}.Ad-Hoc|x86.Build.0 = Release|Any CPU
		{F3EBCDAF-3C65-486F-8E75-7870B52072B0}.Ad-Hoc|x86.Deploy.0 = Release|Any CPU
		{F3EBCDAF-3C65-486F-8E75-7870B52072B0}.AppStore|Any CPU.ActiveCfg = Release|Any CPU
		{F3EBCDAF-3C65-486F-8E75-7870B52072B0}.AppStore|Any CPU.Build.0 = Release|Any CPU
		{F3EBCDAF-3C65-486F-8E75-7870B52072B0}.AppStore|Any CPU.Deploy.0 = Release|Any CPU
		{F3EBCDAF-3C65-486F-8E75-7870B52072B0}.AppStore|ARM.ActiveCfg = Release|Any CPU
		{F3EBCDAF-3C65-486F-8E75-7870B52072B0}.AppStore|ARM.Build.0 = Release|Any CPU
		{F3EBCDAF-3C65-486F-8E75-7870B52072B0}.AppStore|ARM.Deploy.0 = Release|Any CPU
		{F3EBCDAF-3C65-486F-8E75-7870B52072B0}.AppStore|iPhone.ActiveCfg = Release|Any CPU
		{F3EBCDAF-3C65-486F-8E75-7870B52072B0}.AppStore|iPhone.Build.0 = Release|Any CPU
		{F3EBCDAF-3C65-486F-8E75-7870B52072B0}.AppStore|iPhone.Deploy.0 = Release|Any CPU
		{F3EBCDAF-3C65-486F-8E75-7870B52072B0}.AppStore|iPhoneSimulator.ActiveCfg = Release|Any CPU
		{F3EBCDAF-3C65-486F-8E75-7870B52072B0}.AppStore|iPhoneSimulator.Build.0 = Release|Any CPU
		{F3EBCDAF-3C65-486F-8E75-7870B52072B0}.AppStore|iPhoneSimulator.Deploy.0 = Release|Any CPU
		{F3EBCDAF-3C65-486F-8E75-7870B52072B0}.AppStore|x64.ActiveCfg = Release|Any CPU
		{F3EBCDAF-3C65-486F-8E75-7870B52072B0}.AppStore|x64.Build.0 = Release|Any CPU
		{F3EBCDAF-3C65-486F-8E75-7870B52072B0}.AppStore|x64.Deploy.0 = Release|Any CPU
		{F3EBCDAF-3C65-486F-8E75-7870B52072B0}.AppStore|x86.ActiveCfg = Release|Any CPU
		{F3EBCDAF-3C65-486F-8E75-7870B52072B0}.AppStore|x86.Build.0 = Release|Any CPU
		{F3EBCDAF-3C65-486F-8E75-7870B52072B0}.AppStore|x86.Deploy.0 = Release|Any CPU
		{F3EBCDAF-3C65-486F-8E75-7870B52072B0}.Debug|Any CPU.ActiveCfg = Debug|Any CPU
		{F3EBCDAF-3C65-486F-8E75-7870B52072B0}.Debug|Any CPU.Build.0 = Debug|Any CPU
		{F3EBCDAF-3C65-486F-8E75-7870B52072B0}.Debug|Any CPU.Deploy.0 = Debug|Any CPU
		{F3EBCDAF-3C65-486F-8E75-7870B52072B0}.Debug|ARM.ActiveCfg = Debug|Any CPU
		{F3EBCDAF-3C65-486F-8E75-7870B52072B0}.Debug|ARM.Build.0 = Debug|Any CPU
		{F3EBCDAF-3C65-486F-8E75-7870B52072B0}.Debug|ARM.Deploy.0 = Debug|Any CPU
		{F3EBCDAF-3C65-486F-8E75-7870B52072B0}.Debug|iPhone.ActiveCfg = Debug|Any CPU
		{F3EBCDAF-3C65-486F-8E75-7870B52072B0}.Debug|iPhone.Build.0 = Debug|Any CPU
		{F3EBCDAF-3C65-486F-8E75-7870B52072B0}.Debug|iPhone.Deploy.0 = Debug|Any CPU
		{F3EBCDAF-3C65-486F-8E75-7870B52072B0}.Debug|iPhoneSimulator.ActiveCfg = Debug|Any CPU
		{F3EBCDAF-3C65-486F-8E75-7870B52072B0}.Debug|iPhoneSimulator.Build.0 = Debug|Any CPU
		{F3EBCDAF-3C65-486F-8E75-7870B52072B0}.Debug|iPhoneSimulator.Deploy.0 = Debug|Any CPU
		{F3EBCDAF-3C65-486F-8E75-7870B52072B0}.Debug|x64.ActiveCfg = Debug|Any CPU
		{F3EBCDAF-3C65-486F-8E75-7870B52072B0}.Debug|x64.Build.0 = Debug|Any CPU
		{F3EBCDAF-3C65-486F-8E75-7870B52072B0}.Debug|x64.Deploy.0 = Debug|Any CPU
		{F3EBCDAF-3C65-486F-8E75-7870B52072B0}.Debug|x86.ActiveCfg = Debug|Any CPU
		{F3EBCDAF-3C65-486F-8E75-7870B52072B0}.Debug|x86.Build.0 = Debug|Any CPU
		{F3EBCDAF-3C65-486F-8E75-7870B52072B0}.Debug|x86.Deploy.0 = Debug|Any CPU
		{F3EBCDAF-3C65-486F-8E75-7870B52072B0}.Release|Any CPU.ActiveCfg = Release|Any CPU
		{F3EBCDAF-3C65-486F-8E75-7870B52072B0}.Release|Any CPU.Build.0 = Release|Any CPU
		{F3EBCDAF-3C65-486F-8E75-7870B52072B0}.Release|Any CPU.Deploy.0 = Release|Any CPU
		{F3EBCDAF-3C65-486F-8E75-7870B52072B0}.Release|ARM.ActiveCfg = Release|Any CPU
		{F3EBCDAF-3C65-486F-8E75-7870B52072B0}.Release|ARM.Build.0 = Release|Any CPU
		{F3EBCDAF-3C65-486F-8E75-7870B52072B0}.Release|ARM.Deploy.0 = Release|Any CPU
		{F3EBCDAF-3C65-486F-8E75-7870B52072B0}.Release|iPhone.ActiveCfg = Release|Any CPU
		{F3EBCDAF-3C65-486F-8E75-7870B52072B0}.Release|iPhone.Build.0 = Release|Any CPU
		{F3EBCDAF-3C65-486F-8E75-7870B52072B0}.Release|iPhone.Deploy.0 = Release|Any CPU
		{F3EBCDAF-3C65-486F-8E75-7870B52072B0}.Release|iPhoneSimulator.ActiveCfg = Release|Any CPU
		{F3EBCDAF-3C65-486F-8E75-7870B52072B0}.Release|iPhoneSimulator.Build.0 = Release|Any CPU
		{F3EBCDAF-3C65-486F-8E75-7870B52072B0}.Release|iPhoneSimulator.Deploy.0 = Release|Any CPU
		{F3EBCDAF-3C65-486F-8E75-7870B52072B0}.Release|x64.ActiveCfg = Release|Any CPU
		{F3EBCDAF-3C65-486F-8E75-7870B52072B0}.Release|x64.Build.0 = Release|Any CPU
		{F3EBCDAF-3C65-486F-8E75-7870B52072B0}.Release|x64.Deploy.0 = Release|Any CPU
		{F3EBCDAF-3C65-486F-8E75-7870B52072B0}.Release|x86.ActiveCfg = Release|Any CPU
		{F3EBCDAF-3C65-486F-8E75-7870B52072B0}.Release|x86.Build.0 = Release|Any CPU
		{F3EBCDAF-3C65-486F-8E75-7870B52072B0}.Release|x86.Deploy.0 = Release|Any CPU
		{A5137EAE-AE73-45C9-AEC0-AAC453E31F04}.Ad-Hoc|Any CPU.ActiveCfg = Ad-Hoc|iPhone
		{A5137EAE-AE73-45C9-AEC0-AAC453E31F04}.Ad-Hoc|Any CPU.Build.0 = Ad-Hoc|iPhone
		{A5137EAE-AE73-45C9-AEC0-AAC453E31F04}.Ad-Hoc|Any CPU.Deploy.0 = Ad-Hoc|iPhone
		{A5137EAE-AE73-45C9-AEC0-AAC453E31F04}.Ad-Hoc|ARM.ActiveCfg = Ad-Hoc|iPhone
		{A5137EAE-AE73-45C9-AEC0-AAC453E31F04}.Ad-Hoc|ARM.Build.0 = Ad-Hoc|iPhone
		{A5137EAE-AE73-45C9-AEC0-AAC453E31F04}.Ad-Hoc|ARM.Deploy.0 = Ad-Hoc|iPhone
		{A5137EAE-AE73-45C9-AEC0-AAC453E31F04}.Ad-Hoc|iPhone.ActiveCfg = Ad-Hoc|iPhone
		{A5137EAE-AE73-45C9-AEC0-AAC453E31F04}.Ad-Hoc|iPhone.Build.0 = Ad-Hoc|iPhone
		{A5137EAE-AE73-45C9-AEC0-AAC453E31F04}.Ad-Hoc|iPhone.Deploy.0 = Ad-Hoc|iPhone
		{A5137EAE-AE73-45C9-AEC0-AAC453E31F04}.Ad-Hoc|iPhoneSimulator.ActiveCfg = Ad-Hoc|iPhoneSimulator
		{A5137EAE-AE73-45C9-AEC0-AAC453E31F04}.Ad-Hoc|iPhoneSimulator.Build.0 = Ad-Hoc|iPhoneSimulator
		{A5137EAE-AE73-45C9-AEC0-AAC453E31F04}.Ad-Hoc|iPhoneSimulator.Deploy.0 = Ad-Hoc|iPhoneSimulator
		{A5137EAE-AE73-45C9-AEC0-AAC453E31F04}.Ad-Hoc|x64.ActiveCfg = Ad-Hoc|iPhone
		{A5137EAE-AE73-45C9-AEC0-AAC453E31F04}.Ad-Hoc|x64.Build.0 = Ad-Hoc|iPhone
		{A5137EAE-AE73-45C9-AEC0-AAC453E31F04}.Ad-Hoc|x64.Deploy.0 = Ad-Hoc|iPhone
		{A5137EAE-AE73-45C9-AEC0-AAC453E31F04}.Ad-Hoc|x86.ActiveCfg = Ad-Hoc|iPhone
		{A5137EAE-AE73-45C9-AEC0-AAC453E31F04}.Ad-Hoc|x86.Build.0 = Ad-Hoc|iPhone
		{A5137EAE-AE73-45C9-AEC0-AAC453E31F04}.Ad-Hoc|x86.Deploy.0 = Ad-Hoc|iPhone
		{A5137EAE-AE73-45C9-AEC0-AAC453E31F04}.AppStore|Any CPU.ActiveCfg = AppStore|iPhone
		{A5137EAE-AE73-45C9-AEC0-AAC453E31F04}.AppStore|Any CPU.Build.0 = AppStore|iPhone
		{A5137EAE-AE73-45C9-AEC0-AAC453E31F04}.AppStore|Any CPU.Deploy.0 = AppStore|iPhone
		{A5137EAE-AE73-45C9-AEC0-AAC453E31F04}.AppStore|ARM.ActiveCfg = AppStore|iPhone
		{A5137EAE-AE73-45C9-AEC0-AAC453E31F04}.AppStore|ARM.Build.0 = AppStore|iPhone
		{A5137EAE-AE73-45C9-AEC0-AAC453E31F04}.AppStore|ARM.Deploy.0 = AppStore|iPhone
		{A5137EAE-AE73-45C9-AEC0-AAC453E31F04}.AppStore|iPhone.ActiveCfg = AppStore|iPhone
		{A5137EAE-AE73-45C9-AEC0-AAC453E31F04}.AppStore|iPhone.Build.0 = AppStore|iPhone
		{A5137EAE-AE73-45C9-AEC0-AAC453E31F04}.AppStore|iPhone.Deploy.0 = AppStore|iPhone
		{A5137EAE-AE73-45C9-AEC0-AAC453E31F04}.AppStore|iPhoneSimulator.ActiveCfg = AppStore|iPhoneSimulator
		{A5137EAE-AE73-45C9-AEC0-AAC453E31F04}.AppStore|iPhoneSimulator.Build.0 = AppStore|iPhoneSimulator
		{A5137EAE-AE73-45C9-AEC0-AAC453E31F04}.AppStore|iPhoneSimulator.Deploy.0 = AppStore|iPhoneSimulator
		{A5137EAE-AE73-45C9-AEC0-AAC453E31F04}.AppStore|x64.ActiveCfg = AppStore|iPhone
		{A5137EAE-AE73-45C9-AEC0-AAC453E31F04}.AppStore|x64.Build.0 = AppStore|iPhone
		{A5137EAE-AE73-45C9-AEC0-AAC453E31F04}.AppStore|x64.Deploy.0 = AppStore|iPhone
		{A5137EAE-AE73-45C9-AEC0-AAC453E31F04}.AppStore|x86.ActiveCfg = AppStore|iPhone
		{A5137EAE-AE73-45C9-AEC0-AAC453E31F04}.AppStore|x86.Build.0 = AppStore|iPhone
		{A5137EAE-AE73-45C9-AEC0-AAC453E31F04}.AppStore|x86.Deploy.0 = AppStore|iPhone
		{A5137EAE-AE73-45C9-AEC0-AAC453E31F04}.Debug|Any CPU.ActiveCfg = Debug|iPhoneSimulator
		{A5137EAE-AE73-45C9-AEC0-AAC453E31F04}.Debug|Any CPU.Build.0 = Debug|iPhoneSimulator
		{A5137EAE-AE73-45C9-AEC0-AAC453E31F04}.Debug|Any CPU.Deploy.0 = Debug|iPhoneSimulator
		{A5137EAE-AE73-45C9-AEC0-AAC453E31F04}.Debug|ARM.ActiveCfg = Debug|iPhone
		{A5137EAE-AE73-45C9-AEC0-AAC453E31F04}.Debug|ARM.Build.0 = Debug|iPhone
		{A5137EAE-AE73-45C9-AEC0-AAC453E31F04}.Debug|ARM.Deploy.0 = Debug|iPhone
		{A5137EAE-AE73-45C9-AEC0-AAC453E31F04}.Debug|iPhone.ActiveCfg = Debug|iPhone
		{A5137EAE-AE73-45C9-AEC0-AAC453E31F04}.Debug|iPhone.Build.0 = Debug|iPhone
		{A5137EAE-AE73-45C9-AEC0-AAC453E31F04}.Debug|iPhone.Deploy.0 = Debug|iPhone
		{A5137EAE-AE73-45C9-AEC0-AAC453E31F04}.Debug|iPhoneSimulator.ActiveCfg = Debug|iPhoneSimulator
		{A5137EAE-AE73-45C9-AEC0-AAC453E31F04}.Debug|iPhoneSimulator.Build.0 = Debug|iPhoneSimulator
		{A5137EAE-AE73-45C9-AEC0-AAC453E31F04}.Debug|iPhoneSimulator.Deploy.0 = Debug|iPhoneSimulator
		{A5137EAE-AE73-45C9-AEC0-AAC453E31F04}.Debug|x64.ActiveCfg = Debug|iPhone
		{A5137EAE-AE73-45C9-AEC0-AAC453E31F04}.Debug|x64.Build.0 = Debug|iPhone
		{A5137EAE-AE73-45C9-AEC0-AAC453E31F04}.Debug|x64.Deploy.0 = Debug|iPhone
		{A5137EAE-AE73-45C9-AEC0-AAC453E31F04}.Debug|x86.ActiveCfg = Debug|iPhone
		{A5137EAE-AE73-45C9-AEC0-AAC453E31F04}.Debug|x86.Build.0 = Debug|iPhone
		{A5137EAE-AE73-45C9-AEC0-AAC453E31F04}.Debug|x86.Deploy.0 = Debug|iPhone
		{A5137EAE-AE73-45C9-AEC0-AAC453E31F04}.Release|Any CPU.ActiveCfg = Release|iPhone
		{A5137EAE-AE73-45C9-AEC0-AAC453E31F04}.Release|Any CPU.Build.0 = Release|iPhone
		{A5137EAE-AE73-45C9-AEC0-AAC453E31F04}.Release|Any CPU.Deploy.0 = Release|iPhone
		{A5137EAE-AE73-45C9-AEC0-AAC453E31F04}.Release|ARM.ActiveCfg = Release|iPhone
		{A5137EAE-AE73-45C9-AEC0-AAC453E31F04}.Release|ARM.Build.0 = Release|iPhone
		{A5137EAE-AE73-45C9-AEC0-AAC453E31F04}.Release|ARM.Deploy.0 = Release|iPhone
		{A5137EAE-AE73-45C9-AEC0-AAC453E31F04}.Release|iPhone.ActiveCfg = Release|iPhone
		{A5137EAE-AE73-45C9-AEC0-AAC453E31F04}.Release|iPhone.Build.0 = Release|iPhone
		{A5137EAE-AE73-45C9-AEC0-AAC453E31F04}.Release|iPhone.Deploy.0 = Release|iPhone
		{A5137EAE-AE73-45C9-AEC0-AAC453E31F04}.Release|iPhoneSimulator.ActiveCfg = Release|iPhoneSimulator
		{A5137EAE-AE73-45C9-AEC0-AAC453E31F04}.Release|iPhoneSimulator.Build.0 = Release|iPhoneSimulator
		{A5137EAE-AE73-45C9-AEC0-AAC453E31F04}.Release|iPhoneSimulator.Deploy.0 = Release|iPhoneSimulator
		{A5137EAE-AE73-45C9-AEC0-AAC453E31F04}.Release|x64.ActiveCfg = Release|iPhone
		{A5137EAE-AE73-45C9-AEC0-AAC453E31F04}.Release|x64.Build.0 = Release|iPhone
		{A5137EAE-AE73-45C9-AEC0-AAC453E31F04}.Release|x64.Deploy.0 = Release|iPhone
		{A5137EAE-AE73-45C9-AEC0-AAC453E31F04}.Release|x86.ActiveCfg = Release|iPhone
		{A5137EAE-AE73-45C9-AEC0-AAC453E31F04}.Release|x86.Build.0 = Release|iPhone
		{A5137EAE-AE73-45C9-AEC0-AAC453E31F04}.Release|x86.Deploy.0 = Release|iPhone
		{4E3BA86E-F1DC-418B-BBF8-CA048E533CFD}.Ad-Hoc|Any CPU.ActiveCfg = Release|x86
		{4E3BA86E-F1DC-418B-BBF8-CA048E533CFD}.Ad-Hoc|Any CPU.Build.0 = Release|x86
		{4E3BA86E-F1DC-418B-BBF8-CA048E533CFD}.Ad-Hoc|Any CPU.Deploy.0 = Release|x86
		{4E3BA86E-F1DC-418B-BBF8-CA048E533CFD}.Ad-Hoc|ARM.ActiveCfg = Release|ARM
		{4E3BA86E-F1DC-418B-BBF8-CA048E533CFD}.Ad-Hoc|ARM.Build.0 = Release|ARM
		{4E3BA86E-F1DC-418B-BBF8-CA048E533CFD}.Ad-Hoc|ARM.Deploy.0 = Release|ARM
		{4E3BA86E-F1DC-418B-BBF8-CA048E533CFD}.Ad-Hoc|iPhone.ActiveCfg = Release|x86
		{4E3BA86E-F1DC-418B-BBF8-CA048E533CFD}.Ad-Hoc|iPhone.Build.0 = Release|x86
		{4E3BA86E-F1DC-418B-BBF8-CA048E533CFD}.Ad-Hoc|iPhone.Deploy.0 = Release|x86
		{4E3BA86E-F1DC-418B-BBF8-CA048E533CFD}.Ad-Hoc|iPhoneSimulator.ActiveCfg = Release|x86
		{4E3BA86E-F1DC-418B-BBF8-CA048E533CFD}.Ad-Hoc|iPhoneSimulator.Build.0 = Release|x86
		{4E3BA86E-F1DC-418B-BBF8-CA048E533CFD}.Ad-Hoc|iPhoneSimulator.Deploy.0 = Release|x86
		{4E3BA86E-F1DC-418B-BBF8-CA048E533CFD}.Ad-Hoc|x64.ActiveCfg = Release|x64
		{4E3BA86E-F1DC-418B-BBF8-CA048E533CFD}.Ad-Hoc|x64.Build.0 = Release|x64
		{4E3BA86E-F1DC-418B-BBF8-CA048E533CFD}.Ad-Hoc|x64.Deploy.0 = Release|x64
		{4E3BA86E-F1DC-418B-BBF8-CA048E533CFD}.Ad-Hoc|x86.ActiveCfg = Release|x86
		{4E3BA86E-F1DC-418B-BBF8-CA048E533CFD}.Ad-Hoc|x86.Build.0 = Release|x86
		{4E3BA86E-F1DC-418B-BBF8-CA048E533CFD}.Ad-Hoc|x86.Deploy.0 = Release|x86
		{4E3BA86E-F1DC-418B-BBF8-CA048E533CFD}.AppStore|Any CPU.ActiveCfg = Release|x86
		{4E3BA86E-F1DC-418B-BBF8-CA048E533CFD}.AppStore|Any CPU.Build.0 = Release|x86
		{4E3BA86E-F1DC-418B-BBF8-CA048E533CFD}.AppStore|Any CPU.Deploy.0 = Release|x86
		{4E3BA86E-F1DC-418B-BBF8-CA048E533CFD}.AppStore|ARM.ActiveCfg = Release|ARM
		{4E3BA86E-F1DC-418B-BBF8-CA048E533CFD}.AppStore|ARM.Build.0 = Release|ARM
		{4E3BA86E-F1DC-418B-BBF8-CA048E533CFD}.AppStore|ARM.Deploy.0 = Release|ARM
		{4E3BA86E-F1DC-418B-BBF8-CA048E533CFD}.AppStore|iPhone.ActiveCfg = Release|x86
		{4E3BA86E-F1DC-418B-BBF8-CA048E533CFD}.AppStore|iPhone.Build.0 = Release|x86
		{4E3BA86E-F1DC-418B-BBF8-CA048E533CFD}.AppStore|iPhone.Deploy.0 = Release|x86
		{4E3BA86E-F1DC-418B-BBF8-CA048E533CFD}.AppStore|iPhoneSimulator.ActiveCfg = Release|x86
		{4E3BA86E-F1DC-418B-BBF8-CA048E533CFD}.AppStore|iPhoneSimulator.Build.0 = Release|x86
		{4E3BA86E-F1DC-418B-BBF8-CA048E533CFD}.AppStore|iPhoneSimulator.Deploy.0 = Release|x86
		{4E3BA86E-F1DC-418B-BBF8-CA048E533CFD}.AppStore|x64.ActiveCfg = Release|x64
		{4E3BA86E-F1DC-418B-BBF8-CA048E533CFD}.AppStore|x64.Build.0 = Release|x64
		{4E3BA86E-F1DC-418B-BBF8-CA048E533CFD}.AppStore|x64.Deploy.0 = Release|x64
		{4E3BA86E-F1DC-418B-BBF8-CA048E533CFD}.AppStore|x86.ActiveCfg = Release|x86
		{4E3BA86E-F1DC-418B-BBF8-CA048E533CFD}.AppStore|x86.Build.0 = Release|x86
		{4E3BA86E-F1DC-418B-BBF8-CA048E533CFD}.AppStore|x86.Deploy.0 = Release|x86
		{4E3BA86E-F1DC-418B-BBF8-CA048E533CFD}.Debug|Any CPU.ActiveCfg = Debug|x86
		{4E3BA86E-F1DC-418B-BBF8-CA048E533CFD}.Debug|Any CPU.Build.0 = Debug|x86
		{4E3BA86E-F1DC-418B-BBF8-CA048E533CFD}.Debug|Any CPU.Deploy.0 = Debug|x86
		{4E3BA86E-F1DC-418B-BBF8-CA048E533CFD}.Debug|ARM.ActiveCfg = Debug|ARM
		{4E3BA86E-F1DC-418B-BBF8-CA048E533CFD}.Debug|ARM.Build.0 = Debug|ARM
		{4E3BA86E-F1DC-418B-BBF8-CA048E533CFD}.Debug|ARM.Deploy.0 = Debug|ARM
		{4E3BA86E-F1DC-418B-BBF8-CA048E533CFD}.Debug|iPhone.ActiveCfg = Debug|x86
		{4E3BA86E-F1DC-418B-BBF8-CA048E533CFD}.Debug|iPhone.Build.0 = Debug|x86
		{4E3BA86E-F1DC-418B-BBF8-CA048E533CFD}.Debug|iPhone.Deploy.0 = Debug|x86
		{4E3BA86E-F1DC-418B-BBF8-CA048E533CFD}.Debug|iPhoneSimulator.ActiveCfg = Debug|x86
		{4E3BA86E-F1DC-418B-BBF8-CA048E533CFD}.Debug|iPhoneSimulator.Build.0 = Debug|x86
		{4E3BA86E-F1DC-418B-BBF8-CA048E533CFD}.Debug|iPhoneSimulator.Deploy.0 = Debug|x86
		{4E3BA86E-F1DC-418B-BBF8-CA048E533CFD}.Debug|x64.ActiveCfg = Debug|x64
		{4E3BA86E-F1DC-418B-BBF8-CA048E533CFD}.Debug|x64.Build.0 = Debug|x64
		{4E3BA86E-F1DC-418B-BBF8-CA048E533CFD}.Debug|x64.Deploy.0 = Debug|x64
		{4E3BA86E-F1DC-418B-BBF8-CA048E533CFD}.Debug|x86.ActiveCfg = Debug|x86
		{4E3BA86E-F1DC-418B-BBF8-CA048E533CFD}.Debug|x86.Build.0 = Debug|x86
		{4E3BA86E-F1DC-418B-BBF8-CA048E533CFD}.Debug|x86.Deploy.0 = Debug|x86
		{4E3BA86E-F1DC-418B-BBF8-CA048E533CFD}.Release|Any CPU.ActiveCfg = Release|x86
		{4E3BA86E-F1DC-418B-BBF8-CA048E533CFD}.Release|Any CPU.Build.0 = Release|x86
		{4E3BA86E-F1DC-418B-BBF8-CA048E533CFD}.Release|Any CPU.Deploy.0 = Release|x86
		{4E3BA86E-F1DC-418B-BBF8-CA048E533CFD}.Release|ARM.ActiveCfg = Release|ARM
		{4E3BA86E-F1DC-418B-BBF8-CA048E533CFD}.Release|ARM.Build.0 = Release|ARM
		{4E3BA86E-F1DC-418B-BBF8-CA048E533CFD}.Release|ARM.Deploy.0 = Release|ARM
		{4E3BA86E-F1DC-418B-BBF8-CA048E533CFD}.Release|iPhone.ActiveCfg = Release|x86
		{4E3BA86E-F1DC-418B-BBF8-CA048E533CFD}.Release|iPhone.Build.0 = Release|x86
		{4E3BA86E-F1DC-418B-BBF8-CA048E533CFD}.Release|iPhone.Deploy.0 = Release|x86
		{4E3BA86E-F1DC-418B-BBF8-CA048E533CFD}.Release|iPhoneSimulator.ActiveCfg = Release|x86
		{4E3BA86E-F1DC-418B-BBF8-CA048E533CFD}.Release|iPhoneSimulator.Build.0 = Release|x86
		{4E3BA86E-F1DC-418B-BBF8-CA048E533CFD}.Release|iPhoneSimulator.Deploy.0 = Release|x86
		{4E3BA86E-F1DC-418B-BBF8-CA048E533CFD}.Release|x64.ActiveCfg = Release|x64
		{4E3BA86E-F1DC-418B-BBF8-CA048E533CFD}.Release|x64.Build.0 = Release|x64
		{4E3BA86E-F1DC-418B-BBF8-CA048E533CFD}.Release|x64.Deploy.0 = Release|x64
		{4E3BA86E-F1DC-418B-BBF8-CA048E533CFD}.Release|x86.ActiveCfg = Release|x86
		{4E3BA86E-F1DC-418B-BBF8-CA048E533CFD}.Release|x86.Build.0 = Release|x86
		{4E3BA86E-F1DC-418B-BBF8-CA048E533CFD}.Release|x86.Deploy.0 = Release|x86
		{DD7F4F5E-8FF5-4B12-B47C-D44262A66C3B}.Ad-Hoc|Any CPU.ActiveCfg = Debug|Any CPU
		{DD7F4F5E-8FF5-4B12-B47C-D44262A66C3B}.Ad-Hoc|Any CPU.Build.0 = Debug|Any CPU
		{DD7F4F5E-8FF5-4B12-B47C-D44262A66C3B}.Ad-Hoc|Any CPU.Deploy.0 = Debug|Any CPU
		{DD7F4F5E-8FF5-4B12-B47C-D44262A66C3B}.Ad-Hoc|ARM.ActiveCfg = Debug|Any CPU
		{DD7F4F5E-8FF5-4B12-B47C-D44262A66C3B}.Ad-Hoc|ARM.Build.0 = Debug|Any CPU
		{DD7F4F5E-8FF5-4B12-B47C-D44262A66C3B}.Ad-Hoc|ARM.Deploy.0 = Debug|Any CPU
		{DD7F4F5E-8FF5-4B12-B47C-D44262A66C3B}.Ad-Hoc|iPhone.ActiveCfg = Debug|Any CPU
		{DD7F4F5E-8FF5-4B12-B47C-D44262A66C3B}.Ad-Hoc|iPhone.Build.0 = Debug|Any CPU
		{DD7F4F5E-8FF5-4B12-B47C-D44262A66C3B}.Ad-Hoc|iPhone.Deploy.0 = Debug|Any CPU
		{DD7F4F5E-8FF5-4B12-B47C-D44262A66C3B}.Ad-Hoc|iPhoneSimulator.ActiveCfg = Debug|Any CPU
		{DD7F4F5E-8FF5-4B12-B47C-D44262A66C3B}.Ad-Hoc|iPhoneSimulator.Build.0 = Debug|Any CPU
		{DD7F4F5E-8FF5-4B12-B47C-D44262A66C3B}.Ad-Hoc|iPhoneSimulator.Deploy.0 = Debug|Any CPU
		{DD7F4F5E-8FF5-4B12-B47C-D44262A66C3B}.Ad-Hoc|x64.ActiveCfg = Debug|Any CPU
		{DD7F4F5E-8FF5-4B12-B47C-D44262A66C3B}.Ad-Hoc|x64.Build.0 = Debug|Any CPU
		{DD7F4F5E-8FF5-4B12-B47C-D44262A66C3B}.Ad-Hoc|x64.Deploy.0 = Debug|Any CPU
		{DD7F4F5E-8FF5-4B12-B47C-D44262A66C3B}.Ad-Hoc|x86.ActiveCfg = Debug|Any CPU
		{DD7F4F5E-8FF5-4B12-B47C-D44262A66C3B}.Ad-Hoc|x86.Build.0 = Debug|Any CPU
		{DD7F4F5E-8FF5-4B12-B47C-D44262A66C3B}.Ad-Hoc|x86.Deploy.0 = Debug|Any CPU
		{DD7F4F5E-8FF5-4B12-B47C-D44262A66C3B}.AppStore|Any CPU.ActiveCfg = Debug|Any CPU
		{DD7F4F5E-8FF5-4B12-B47C-D44262A66C3B}.AppStore|Any CPU.Build.0 = Debug|Any CPU
		{DD7F4F5E-8FF5-4B12-B47C-D44262A66C3B}.AppStore|Any CPU.Deploy.0 = Debug|Any CPU
		{DD7F4F5E-8FF5-4B12-B47C-D44262A66C3B}.AppStore|ARM.ActiveCfg = Debug|Any CPU
		{DD7F4F5E-8FF5-4B12-B47C-D44262A66C3B}.AppStore|ARM.Build.0 = Debug|Any CPU
		{DD7F4F5E-8FF5-4B12-B47C-D44262A66C3B}.AppStore|ARM.Deploy.0 = Debug|Any CPU
		{DD7F4F5E-8FF5-4B12-B47C-D44262A66C3B}.AppStore|iPhone.ActiveCfg = Debug|Any CPU
		{DD7F4F5E-8FF5-4B12-B47C-D44262A66C3B}.AppStore|iPhone.Build.0 = Debug|Any CPU
		{DD7F4F5E-8FF5-4B12-B47C-D44262A66C3B}.AppStore|iPhone.Deploy.0 = Debug|Any CPU
		{DD7F4F5E-8FF5-4B12-B47C-D44262A66C3B}.AppStore|iPhoneSimulator.ActiveCfg = Debug|Any CPU
		{DD7F4F5E-8FF5-4B12-B47C-D44262A66C3B}.AppStore|iPhoneSimulator.Build.0 = Debug|Any CPU
		{DD7F4F5E-8FF5-4B12-B47C-D44262A66C3B}.AppStore|iPhoneSimulator.Deploy.0 = Debug|Any CPU
		{DD7F4F5E-8FF5-4B12-B47C-D44262A66C3B}.AppStore|x64.ActiveCfg = Debug|Any CPU
		{DD7F4F5E-8FF5-4B12-B47C-D44262A66C3B}.AppStore|x64.Build.0 = Debug|Any CPU
		{DD7F4F5E-8FF5-4B12-B47C-D44262A66C3B}.AppStore|x64.Deploy.0 = Debug|Any CPU
		{DD7F4F5E-8FF5-4B12-B47C-D44262A66C3B}.AppStore|x86.ActiveCfg = Debug|Any CPU
		{DD7F4F5E-8FF5-4B12-B47C-D44262A66C3B}.AppStore|x86.Build.0 = Debug|Any CPU
		{DD7F4F5E-8FF5-4B12-B47C-D44262A66C3B}.AppStore|x86.Deploy.0 = Debug|Any CPU
		{DD7F4F5E-8FF5-4B12-B47C-D44262A66C3B}.Debug|Any CPU.ActiveCfg = Debug|Any CPU
		{DD7F4F5E-8FF5-4B12-B47C-D44262A66C3B}.Debug|Any CPU.Build.0 = Debug|Any CPU
		{DD7F4F5E-8FF5-4B12-B47C-D44262A66C3B}.Debug|Any CPU.Deploy.0 = Debug|Any CPU
		{DD7F4F5E-8FF5-4B12-B47C-D44262A66C3B}.Debug|ARM.ActiveCfg = Debug|Any CPU
		{DD7F4F5E-8FF5-4B12-B47C-D44262A66C3B}.Debug|ARM.Build.0 = Debug|Any CPU
		{DD7F4F5E-8FF5-4B12-B47C-D44262A66C3B}.Debug|ARM.Deploy.0 = Debug|Any CPU
		{DD7F4F5E-8FF5-4B12-B47C-D44262A66C3B}.Debug|iPhone.ActiveCfg = Debug|Any CPU
		{DD7F4F5E-8FF5-4B12-B47C-D44262A66C3B}.Debug|iPhone.Build.0 = Debug|Any CPU
		{DD7F4F5E-8FF5-4B12-B47C-D44262A66C3B}.Debug|iPhone.Deploy.0 = Debug|Any CPU
		{DD7F4F5E-8FF5-4B12-B47C-D44262A66C3B}.Debug|iPhoneSimulator.ActiveCfg = Debug|Any CPU
		{DD7F4F5E-8FF5-4B12-B47C-D44262A66C3B}.Debug|iPhoneSimulator.Build.0 = Debug|Any CPU
		{DD7F4F5E-8FF5-4B12-B47C-D44262A66C3B}.Debug|iPhoneSimulator.Deploy.0 = Debug|Any CPU
		{DD7F4F5E-8FF5-4B12-B47C-D44262A66C3B}.Debug|x64.ActiveCfg = Debug|Any CPU
		{DD7F4F5E-8FF5-4B12-B47C-D44262A66C3B}.Debug|x64.Build.0 = Debug|Any CPU
		{DD7F4F5E-8FF5-4B12-B47C-D44262A66C3B}.Debug|x64.Deploy.0 = Debug|Any CPU
		{DD7F4F5E-8FF5-4B12-B47C-D44262A66C3B}.Debug|x86.ActiveCfg = Debug|Any CPU
		{DD7F4F5E-8FF5-4B12-B47C-D44262A66C3B}.Debug|x86.Build.0 = Debug|Any CPU
		{DD7F4F5E-8FF5-4B12-B47C-D44262A66C3B}.Debug|x86.Deploy.0 = Debug|Any CPU
		{DD7F4F5E-8FF5-4B12-B47C-D44262A66C3B}.Release|Any CPU.ActiveCfg = Release|Any CPU
		{DD7F4F5E-8FF5-4B12-B47C-D44262A66C3B}.Release|Any CPU.Build.0 = Release|Any CPU
		{DD7F4F5E-8FF5-4B12-B47C-D44262A66C3B}.Release|Any CPU.Deploy.0 = Release|Any CPU
		{DD7F4F5E-8FF5-4B12-B47C-D44262A66C3B}.Release|ARM.ActiveCfg = Release|Any CPU
		{DD7F4F5E-8FF5-4B12-B47C-D44262A66C3B}.Release|ARM.Build.0 = Release|Any CPU
		{DD7F4F5E-8FF5-4B12-B47C-D44262A66C3B}.Release|ARM.Deploy.0 = Release|Any CPU
		{DD7F4F5E-8FF5-4B12-B47C-D44262A66C3B}.Release|iPhone.ActiveCfg = Release|Any CPU
		{DD7F4F5E-8FF5-4B12-B47C-D44262A66C3B}.Release|iPhone.Build.0 = Release|Any CPU
		{DD7F4F5E-8FF5-4B12-B47C-D44262A66C3B}.Release|iPhone.Deploy.0 = Release|Any CPU
		{DD7F4F5E-8FF5-4B12-B47C-D44262A66C3B}.Release|iPhoneSimulator.ActiveCfg = Release|Any CPU
		{DD7F4F5E-8FF5-4B12-B47C-D44262A66C3B}.Release|iPhoneSimulator.Build.0 = Release|Any CPU
		{DD7F4F5E-8FF5-4B12-B47C-D44262A66C3B}.Release|iPhoneSimulator.Deploy.0 = Release|Any CPU
		{DD7F4F5E-8FF5-4B12-B47C-D44262A66C3B}.Release|x64.ActiveCfg = Release|Any CPU
		{DD7F4F5E-8FF5-4B12-B47C-D44262A66C3B}.Release|x64.Build.0 = Release|Any CPU
		{DD7F4F5E-8FF5-4B12-B47C-D44262A66C3B}.Release|x64.Deploy.0 = Release|Any CPU
		{DD7F4F5E-8FF5-4B12-B47C-D44262A66C3B}.Release|x86.ActiveCfg = Release|Any CPU
		{DD7F4F5E-8FF5-4B12-B47C-D44262A66C3B}.Release|x86.Build.0 = Release|Any CPU
		{DD7F4F5E-8FF5-4B12-B47C-D44262A66C3B}.Release|x86.Deploy.0 = Release|Any CPU
	EndGlobalSection
	GlobalSection(SolutionProperties) = preSolution
		HideSolutionNode = FALSE
	EndGlobalSection
	GlobalSection(ExtensibilityGlobals) = postSolution
		SolutionGuid = {0004100B-1733-4708-866B-8F2D6A052519}
	EndGlobalSection
EndGlobal
